
Microsoft Visual Studio Solution File, Format Version 12.00
# Visual Studio 14
VisualStudioVersion = 14.0.25420.1
MinimumVisualStudioVersion = 10.0.40219.1
Project("{FAE04EC0-301F-11D3-BF4B-00C04F79EFBC}") = "Paint", "Paint\Paint.csproj", "{1A639EF3-5F7C-457D-BA54-219B4745578B}"
EndProject
Project("{FAE04EC0-301F-11D3-BF4B-00C04F79EFBC}") = "Shape", "Shapes\Shape\Shape.csproj", "{F0C2456E-6293-4C8A-8E81-882FDD9C4547}"
EndProject
Project("{FAE04EC0-301F-11D3-BF4B-00C04F79EFBC}") = "Ellipse", "Shapes\Ellipse\Ellipse.csproj", "{AE0A3658-8968-4383-ACF3-7990B4FB7296}"
EndProject
Project("{2150E333-8FDC-42A3-9474-1A3956D46DE8}") = "Проекты (фигуры)", "Проекты (фигуры)", "{2F3478AA-188F-47BB-9110-A420EECD98F2}"
EndProject
Project("{FAE04EC0-301F-11D3-BF4B-00C04F79EFBC}") = "Polygon", "Shapes\Polygon\Polygon.csproj", "{695EF4D8-414E-4210-B1B7-08121BD74B40}"
EndProject
Project("{FAE04EC0-301F-11D3-BF4B-00C04F79EFBC}") = "Polyline", "Shapes\Polyline\Polyline.csproj", "{31FC1631-59AA-4520-8F51-7D76557A3B60}"
EndProject
Project("{FAE04EC0-301F-11D3-BF4B-00C04F79EFBC}") = "Rectangle", "Shapes\Rectangle\Rectangle.csproj", "{C4BF74C4-28BD-467C-AE32-C6011F3FAD4E}"
EndProject
Project("{FAE04EC0-301F-11D3-BF4B-00C04F79EFBC}") = "RoundRectangle", "Shapes\RoundRectangle\RoundRectangle.csproj", "{04BD30DD-008A-4F07-81C9-B73EB8D868B9}"
EndProject
Project("{FAE04EC0-301F-11D3-BF4B-00C04F79EFBC}") = "UserShape", "Shapes\UserShape\UserShape.csproj", "{733A7385-3A5D-45E3-9E77-9C52C86D5972}"
EndProject
Global
	GlobalSection(SolutionConfigurationPlatforms) = preSolution
		Debug|Any CPU = Debug|Any CPU
		Release|Any CPU = Release|Any CPU
	EndGlobalSection
	GlobalSection(ProjectConfigurationPlatforms) = postSolution
		{1A639EF3-5F7C-457D-BA54-219B4745578B}.Debug|Any CPU.ActiveCfg = Debug|Any CPU
		{1A639EF3-5F7C-457D-BA54-219B4745578B}.Debug|Any CPU.Build.0 = Debug|Any CPU
		{1A639EF3-5F7C-457D-BA54-219B4745578B}.Release|Any CPU.ActiveCfg = Release|Any CPU
		{1A639EF3-5F7C-457D-BA54-219B4745578B}.Release|Any CPU.Build.0 = Release|Any CPU
		{F0C2456E-6293-4C8A-8E81-882FDD9C4547}.Debug|Any CPU.ActiveCfg = Debug|Any CPU
		{F0C2456E-6293-4C8A-8E81-882FDD9C4547}.Debug|Any CPU.Build.0 = Debug|Any CPU
		{F0C2456E-6293-4C8A-8E81-882FDD9C4547}.Release|Any CPU.ActiveCfg = Release|Any CPU
		{F0C2456E-6293-4C8A-8E81-882FDD9C4547}.Release|Any CPU.Build.0 = Release|Any CPU
		{AE0A3658-8968-4383-ACF3-7990B4FB7296}.Debug|Any CPU.ActiveCfg = Debug|Any CPU
		{AE0A3658-8968-4383-ACF3-7990B4FB7296}.Debug|Any CPU.Build.0 = Debug|Any CPU
		{AE0A3658-8968-4383-ACF3-7990B4FB7296}.Release|Any CPU.ActiveCfg = Release|Any CPU
		{AE0A3658-8968-4383-ACF3-7990B4FB7296}.Release|Any CPU.Build.0 = Release|Any CPU
		{695EF4D8-414E-4210-B1B7-08121BD74B40}.Debug|Any CPU.ActiveCfg = Debug|Any CPU
		{695EF4D8-414E-4210-B1B7-08121BD74B40}.Debug|Any CPU.Build.0 = Debug|Any CPU
		{695EF4D8-414E-4210-B1B7-08121BD74B40}.Release|Any CPU.ActiveCfg = Release|Any CPU
		{695EF4D8-414E-4210-B1B7-08121BD74B40}.Release|Any CPU.Build.0 = Release|Any CPU
		{31FC1631-59AA-4520-8F51-7D76557A3B60}.Debug|Any CPU.ActiveCfg = Debug|Any CPU
		{31FC1631-59AA-4520-8F51-7D76557A3B60}.Debug|Any CPU.Build.0 = Debug|Any CPU
		{31FC1631-59AA-4520-8F51-7D76557A3B60}.Release|Any CPU.ActiveCfg = Release|Any CPU
		{31FC1631-59AA-4520-8F51-7D76557A3B60}.Release|Any CPU.Build.0 = Release|Any CPU
		{C4BF74C4-28BD-467C-AE32-C6011F3FAD4E}.Debug|Any CPU.ActiveCfg = Debug|Any CPU
		{C4BF74C4-28BD-467C-AE32-C6011F3FAD4E}.Debug|Any CPU.Build.0 = Debug|Any CPU
		{C4BF74C4-28BD-467C-AE32-C6011F3FAD4E}.Release|Any CPU.ActiveCfg = Release|Any CPU
		{C4BF74C4-28BD-467C-AE32-C6011F3FAD4E}.Release|Any CPU.Build.0 = Release|Any CPU
		{04BD30DD-008A-4F07-81C9-B73EB8D868B9}.Debug|Any CPU.ActiveCfg = Debug|Any CPU
		{04BD30DD-008A-4F07-81C9-B73EB8D868B9}.Debug|Any CPU.Build.0 = Debug|Any CPU
		{04BD30DD-008A-4F07-81C9-B73EB8D868B9}.Release|Any CPU.ActiveCfg = Release|Any CPU
		{04BD30DD-008A-4F07-81C9-B73EB8D868B9}.Release|Any CPU.Build.0 = Release|Any CPU
		{733A7385-3A5D-45E3-9E77-9C52C86D5972}.Debug|Any CPU.ActiveCfg = Debug|Any CPU
		{733A7385-3A5D-45E3-9E77-9C52C86D5972}.Debug|Any CPU.Build.0 = Debug|Any CPU
		{733A7385-3A5D-45E3-9E77-9C52C86D5972}.Release|Any CPU.ActiveCfg = Release|Any CPU
		{733A7385-3A5D-45E3-9E77-9C52C86D5972}.Release|Any CPU.Build.0 = Release|Any CPU
	EndGlobalSection
	GlobalSection(SolutionProperties) = preSolution
		HideSolutionNode = FALSE
	EndGlobalSection
	GlobalSection(NestedProjects) = preSolution
		{F0C2456E-6293-4C8A-8E81-882FDD9C4547} = {2F3478AA-188F-47BB-9110-A420EECD98F2}
		{AE0A3658-8968-4383-ACF3-7990B4FB7296} = {2F3478AA-188F-47BB-9110-A420EECD98F2}
		{695EF4D8-414E-4210-B1B7-08121BD74B40} = {2F3478AA-188F-47BB-9110-A420EECD98F2}
		{31FC1631-59AA-4520-8F51-7D76557A3B60} = {2F3478AA-188F-47BB-9110-A420EECD98F2}
		{C4BF74C4-28BD-467C-AE32-C6011F3FAD4E} = {2F3478AA-188F-47BB-9110-A420EECD98F2}
		{04BD30DD-008A-4F07-81C9-B73EB8D868B9} = {2F3478AA-188F-47BB-9110-A420EECD98F2}
		{733A7385-3A5D-45E3-9E77-9C52C86D5972} = {2F3478AA-188F-47BB-9110-A420EECD98F2}
	EndGlobalSection
EndGlobal
